
Microsoft Visual Studio Solution File, Format Version 12.00
# Visual Studio Version 17
VisualStudioVersion = 17.14.36811.4 d17.14
MinimumVisualStudioVersion = 10.0.40219.1
Project("{FAE04EC0-301F-11D3-BF4B-00C04F79EFBC}") = "Modelo_Desconectado_WPF", "Modelo_Desconectado_WPF.csproj", "{8613BCC3-C2D3-4F3B-9DC5-EF380FA82966}"
EndProject
Global
	GlobalSection(SolutionConfigurationPlatforms) = preSolution
		Debug|Any CPU = Debug|Any CPU
		Release|Any CPU = Release|Any CPU
	EndGlobalSection
	GlobalSection(ProjectConfigurationPlatforms) = postSolution
		{8613BCC3-C2D3-4F3B-9DC5-EF380FA82966}.Debug|Any CPU.ActiveCfg = Debug|Any CPU
		{8613BCC3-C2D3-4F3B-9DC5-EF380FA82966}.Debug|Any CPU.Build.0 = Debug|Any CPU
		{8613BCC3-C2D3-4F3B-9DC5-EF380FA82966}.Release|Any CPU.ActiveCfg = Release|Any CPU
		{8613BCC3-C2D3-4F3B-9DC5-EF380FA82966}.Release|Any CPU.Build.0 = Release|Any CPU
	EndGlobalSection
	GlobalSection(SolutionProperties) = preSolution
		HideSolutionNode = FALSE
	EndGlobalSection
	GlobalSection(ExtensibilityGlobals) = postSolution
		SolutionGuid = {F417527F-DBA8-4A8A-8C6A-3C2E7872146E}
	EndGlobalSection
EndGlobal
